{
    "name": "tvt-huntinghoppers",
    "version": "1.8.1",
    "lockfileVersion": 3,
    "requires": true,
    "packages": {
        "": {
            "name": "tvt-huntinghoppers",
            "version": "1.8.1",
            "dependencies": {
                "@gruppe-adler/replay": "^1.6.0",
                "grad-dyngroupdecals": "0.0.1",
                "grad-factions-tvt": "^1.0.5",
                "grad-fortifications": "^0.9.4",
                "grad-gpstracker": "^0.2.0",
                "grad-listbuymenu": "^0.8.1",
                "grad-loadout": "^4.11.7",
                "grad-tvtsettings": "0.0.3",
                "grad-vehiclerespawn": "0.0.1"
            }
        },
        "node_modules/@gruppe-adler/replay": {
            "version": "1.6.0",
            "resolved": "https://registry.npmjs.org/@gruppe-adler/replay/-/replay-1.6.0.tgz",
            "integrity": "sha512-i1kfwH+oUuVFf5uHP8sRgtfwOsRvh4OWXUi2y/98VIbdcZBrPwdNf9uqcfmZLp/q+pDzpN9z7jxky01Bjv8E3w=="
        },
        "node_modules/grad-dyngroupdecals": {
            "version": "0.0.1",
            "resolved": "https://registry.npmjs.org/grad-dyngroupdecals/-/grad-dyngroupdecals-0.0.1.tgz",
            "integrity": "sha512-BMmzjgDOtpFuhIcLwY2ow37nBUff9QA2z6UQslkhUZtnQrXPLchXx07fNQxYBRAf5iNYygoPKnEHRSF57Lf5pQ=="
        },
        "node_modules/grad-factions-tvt": {
            "version": "1.0.5",
            "resolved": "https://registry.npmjs.org/grad-factions-tvt/-/grad-factions-tvt-1.0.5.tgz",
            "integrity": "sha512-F2L3mbtsU2uMGjojLRfIpUw1tjaW9buUQmn6fuYEeEuQKE/4mK8esDxnJkcZzqmuctQqDEjzSeQPOAA3iyv4aA==",
            "dependencies": {
                "grad-loadout": ">=4.10.0"
            }
        },
        "node_modules/grad-fortifications": {
            "version": "0.9.4",
            "resolved": "https://registry.npmjs.org/grad-fortifications/-/grad-fortifications-0.9.4.tgz",
            "integrity": "sha512-nf0xcE7Jg6W/CUIO7vm6zcKEioYK1ImgbJwBx+agoMgthy2W3HqBJakYdZ2Aw5U5WF59c2tYay3xp7JfFCDACA=="
        },
        "node_modules/grad-gpstracker": {
            "version": "0.2.0",
            "resolved": "https://registry.npmjs.org/grad-gpstracker/-/grad-gpstracker-0.2.0.tgz",
            "integrity": "sha512-QCCLUqyCbP2Q70Rr3PftxxH4x/3M3BoXdj2HYtv4HKgPWXHiD6Q4zEJDF4uHWf+fRW45eTT06OnAe8Xy4ovqWQ=="
        },
        "node_modules/grad-listbuymenu": {
            "version": "0.8.1",
            "resolved": "https://registry.npmjs.org/grad-listbuymenu/-/grad-listbuymenu-0.8.1.tgz",
            "integrity": "sha512-8wRAFhKDu/ynHcFn7lcYIAy7dc6GcTcKUk90KtKZsBgyBqsm+aNy9a9jvEWk2geKeY7i8XO3a8UyLwstYY3Esw=="
        },
        "node_modules/grad-loadout": {
            "version": "4.11.7",
            "resolved": "https://registry.npmjs.org/grad-loadout/-/grad-loadout-4.11.7.tgz",
            "integrity": "sha512-B8RRxdmGOcpCg9tBJO1tRH7sfqEUC/QeJlUo6irl8UdA5Q427lRgJb71KYtkYS1wGKTEoM0H894F8V9XiXoKDQ=="
        },
        "node_modules/grad-tvtsettings": {
            "version": "0.0.3",
            "resolved": "https://registry.npmjs.org/grad-tvtsettings/-/grad-tvtsettings-0.0.3.tgz",
            "integrity": "sha512-fIzPWJ9ttWtbey8ScLxVFiq8fOzuzvpHOg1/uG7Xo69SbyK7voRuoiURYZgO95VML8pM0AMDAABLt0vHuaB/Rg=="
        },
        "node_modules/grad-vehiclerespawn": {
            "version": "0.0.1",
            "resolved": "https://registry.npmjs.org/grad-vehiclerespawn/-/grad-vehiclerespawn-0.0.1.tgz",
            "integrity": "sha512-v8MzvJFglBD6YMvxg6H8fR5KRNset/z6RoboFVlarFmUL+6QqPq3vv3NcrUDdXs4vCjRVDerr5U6Vgwaz++Ilw=="
        }
    }
}
